
Microsoft Visual Studio Solution File, Format Version 12.00
# Visual Studio Version 17
VisualStudioVersion = 17.11.35312.102
MinimumVisualStudioVersion = 10.0.40219.1
Project("{FAE04EC0-301F-11D3-BF4B-00C04F79EFBC}") = "Screen Flix", "Screen Flix\Screen Flix.csproj", "{9CB421AE-FD60-4D4D-9419-2449282696AA}"
EndProject
Global
	GlobalSection(SolutionConfigurationPlatforms) = preSolution
		Debug|Any CPU = Debug|Any CPU
		Release|Any CPU = Release|Any CPU
	EndGlobalSection
	GlobalSection(ProjectConfigurationPlatforms) = postSolution
		{9CB421AE-FD60-4D4D-9419-2449282696AA}.Debug|Any CPU.ActiveCfg = Debug|Any CPU
		{9CB421AE-FD60-4D4D-9419-2449282696AA}.Debug|Any CPU.Build.0 = Debug|Any CPU
		{9CB421AE-FD60-4D4D-9419-2449282696AA}.Release|Any CPU.ActiveCfg = Release|Any CPU
		{9CB421AE-FD60-4D4D-9419-2449282696AA}.Release|Any CPU.Build.0 = Release|Any CPU
	EndGlobalSection
	GlobalSection(SolutionProperties) = preSolution
		HideSolutionNode = FALSE
	EndGlobalSection
	GlobalSection(ExtensibilityGlobals) = postSolution
		SolutionGuid = {09E72716-FB19-4B54-9BDF-E383048B22D0}
	EndGlobalSection
EndGlobal
